
Microsoft Visual Studio Solution File, Format Version 12.00
# Visual Studio Version 17
VisualStudioVersion = 17.3.32922.545
MinimumVisualStudioVersion = 10.0.40219.1
Project("{FAE04EC0-301F-11D3-BF4B-00C04F79EFBC}") = "MeczeBundesligi", "MeczeBundesligi\MeczeBundesligi.csproj", "{852310C7-FB28-48C5-A47C-93EEE89E7FEA}"
EndProject
Global
	GlobalSection(SolutionConfigurationPlatforms) = preSolution
		Debug|Any CPU = Debug|Any CPU
		Release|Any CPU = Release|Any CPU
	EndGlobalSection
	GlobalSection(ProjectConfigurationPlatforms) = postSolution
		{825565AA-2441-4464-8A8D-29B9CF85C585}.Debug|Any CPU.ActiveCfg = Debug|Any CPU
		{825565AA-2441-4464-8A8D-29B9CF85C585}.Debug|Any CPU.Build.0 = Debug|Any CPU
		{825565AA-2441-4464-8A8D-29B9CF85C585}.Release|Any CPU.ActiveCfg = Release|Any CPU
		{825565AA-2441-4464-8A8D-29B9CF85C585}.Release|Any CPU.Build.0 = Release|Any CPU
		{B5EA715B-279B-43F1-9269-82933553E1F0}.Debug|Any CPU.ActiveCfg = Debug|Any CPU
		{B5EA715B-279B-43F1-9269-82933553E1F0}.Debug|Any CPU.Build.0 = Debug|Any CPU
		{B5EA715B-279B-43F1-9269-82933553E1F0}.Release|Any CPU.ActiveCfg = Release|Any CPU
		{B5EA715B-279B-43F1-9269-82933553E1F0}.Release|Any CPU.Build.0 = Release|Any CPU
		{A8BC6DF3-7CD1-4D96-A7A7-D5BB1D6E5428}.Debug|Any CPU.ActiveCfg = Debug|Any CPU
		{A8BC6DF3-7CD1-4D96-A7A7-D5BB1D6E5428}.Debug|Any CPU.Build.0 = Debug|Any CPU
		{A8BC6DF3-7CD1-4D96-A7A7-D5BB1D6E5428}.Release|Any CPU.ActiveCfg = Release|Any CPU
		{A8BC6DF3-7CD1-4D96-A7A7-D5BB1D6E5428}.Release|Any CPU.Build.0 = Release|Any CPU
		{EBE64D70-2031-4C62-B2B0-440DABCC056E}.Debug|Any CPU.ActiveCfg = Debug|Any CPU
		{EBE64D70-2031-4C62-B2B0-440DABCC056E}.Debug|Any CPU.Build.0 = Debug|Any CPU
		{EBE64D70-2031-4C62-B2B0-440DABCC056E}.Release|Any CPU.ActiveCfg = Release|Any CPU
		{EBE64D70-2031-4C62-B2B0-440DABCC056E}.Release|Any CPU.Build.0 = Release|Any CPU
		{79A7F699-4F46-4375-B603-38635180A80E}.Debug|Any CPU.ActiveCfg = Debug|Any CPU
		{79A7F699-4F46-4375-B603-38635180A80E}.Debug|Any CPU.Build.0 = Debug|Any CPU
		{79A7F699-4F46-4375-B603-38635180A80E}.Release|Any CPU.ActiveCfg = Release|Any CPU
		{79A7F699-4F46-4375-B603-38635180A80E}.Release|Any CPU.Build.0 = Release|Any CPU
		{852310C7-FB28-48C5-A47C-93EEE89E7FEA}.Debug|Any CPU.ActiveCfg = Debug|Any CPU
		{852310C7-FB28-48C5-A47C-93EEE89E7FEA}.Debug|Any CPU.Build.0 = Debug|Any CPU
		{852310C7-FB28-48C5-A47C-93EEE89E7FEA}.Release|Any CPU.ActiveCfg = Release|Any CPU
		{852310C7-FB28-48C5-A47C-93EEE89E7FEA}.Release|Any CPU.Build.0 = Release|Any CPU
	EndGlobalSection
	GlobalSection(SolutionProperties) = preSolution
		HideSolutionNode = FALSE
	EndGlobalSection
	GlobalSection(ExtensibilityGlobals) = postSolution
		SolutionGuid = {5C38AE7D-92F9-481C-9968-C4F65FF32F69}
	EndGlobalSection
EndGlobal
